
Microsoft Visual Studio Solution File, Format Version 12.00
# Visual Studio Version 16
VisualStudioVersion = 16.0.31624.102
MinimumVisualStudioVersion = 10.0.40219.1
Project("{FAE04EC0-301F-11D3-BF4B-00C04F79EFBC}") = "P1-AP1-Jefferson-20190267", "P1-AP1-Jefferson-20190267.csproj", "{ED7DE664-3882-47CF-9559-45644BE6EDDD}"
EndProject
Global
	GlobalSection(SolutionConfigurationPlatforms) = preSolution
		Debug|Any CPU = Debug|Any CPU
		Release|Any CPU = Release|Any CPU
	EndGlobalSection
	GlobalSection(ProjectConfigurationPlatforms) = postSolution
		{ED7DE664-3882-47CF-9559-45644BE6EDDD}.Debug|Any CPU.ActiveCfg = Debug|Any CPU
		{ED7DE664-3882-47CF-9559-45644BE6EDDD}.Debug|Any CPU.Build.0 = Debug|Any CPU
		{ED7DE664-3882-47CF-9559-45644BE6EDDD}.Release|Any CPU.ActiveCfg = Release|Any CPU
		{ED7DE664-3882-47CF-9559-45644BE6EDDD}.Release|Any CPU.Build.0 = Release|Any CPU
	EndGlobalSection
	GlobalSection(SolutionProperties) = preSolution
		HideSolutionNode = FALSE
	EndGlobalSection
	GlobalSection(ExtensibilityGlobals) = postSolution
		SolutionGuid = {054C94C7-5338-4C50-B60D-8090C0DD5323}
	EndGlobalSection
EndGlobal
